
Microsoft Visual Studio Solution File, Format Version 12.00
# Visual Studio 2013
VisualStudioVersion = 12.0.21005.1
MinimumVisualStudioVersion = 10.0.40219.1
Project("{8BC9CEB8-8B4A-11D0-8D11-00A0C91BC942}") = "Test_05_24", "Test_05_24\Test_05_24.vcxproj", "{42EEBB2B-46D5-4797-AF1E-050D670C6505}"
EndProject
Project("{8BC9CEB8-8B4A-11D0-8D11-00A0C91BC942}") = "Test2", "Test2\Test2.vcxproj", "{F2AAB56A-1EE2-48F9-AEC0-951B405D565B}"
EndProject
Global
	GlobalSection(SolutionConfigurationPlatforms) = preSolution
		Debug|Win32 = Debug|Win32
		Release|Win32 = Release|Win32
	EndGlobalSection
	GlobalSection(ProjectConfigurationPlatforms) = postSolution
		{42EEBB2B-46D5-4797-AF1E-050D670C6505}.Debug|Win32.ActiveCfg = Debug|Win32
		{42EEBB2B-46D5-4797-AF1E-050D670C6505}.Debug|Win32.Build.0 = Debug|Win32
		{42EEBB2B-46D5-4797-AF1E-050D670C6505}.Release|Win32.ActiveCfg = Release|Win32
		{42EEBB2B-46D5-4797-AF1E-050D670C6505}.Release|Win32.Build.0 = Release|Win32
		{F2AAB56A-1EE2-48F9-AEC0-951B405D565B}.Debug|Win32.ActiveCfg = Debug|Win32
		{F2AAB56A-1EE2-48F9-AEC0-951B405D565B}.Debug|Win32.Build.0 = Debug|Win32
		{F2AAB56A-1EE2-48F9-AEC0-951B405D565B}.Release|Win32.ActiveCfg = Release|Win32
		{F2AAB56A-1EE2-48F9-AEC0-951B405D565B}.Release|Win32.Build.0 = Release|Win32
	EndGlobalSection
	GlobalSection(SolutionProperties) = preSolution
		HideSolutionNode = FALSE
	EndGlobalSection
EndGlobal
