
Microsoft Visual Studio Solution File, Format Version 12.00
# Visual Studio 2013
VisualStudioVersion = 12.0.21005.1
MinimumVisualStudioVersion = 10.0.40219.1
Project("{8BC9CEB8-8B4A-11D0-8D11-00A0C91BC942}") = "Test_06_06", "Test_06_06\Test_06_06.vcxproj", "{C4AAA283-0D15-48E4-872D-02B1A0DC5D0C}"
EndProject
Project("{8BC9CEB8-8B4A-11D0-8D11-00A0C91BC942}") = "STL_list", "STL_list\STL_list.vcxproj", "{9064A095-3CF9-46FF-8973-0C9605B56F95}"
EndProject
Global
	GlobalSection(SolutionConfigurationPlatforms) = preSolution
		Debug|Win32 = Debug|Win32
		Release|Win32 = Release|Win32
	EndGlobalSection
	GlobalSection(ProjectConfigurationPlatforms) = postSolution
		{C4AAA283-0D15-48E4-872D-02B1A0DC5D0C}.Debug|Win32.ActiveCfg = Debug|Win32
		{C4AAA283-0D15-48E4-872D-02B1A0DC5D0C}.Debug|Win32.Build.0 = Debug|Win32
		{C4AAA283-0D15-48E4-872D-02B1A0DC5D0C}.Release|Win32.ActiveCfg = Release|Win32
		{C4AAA283-0D15-48E4-872D-02B1A0DC5D0C}.Release|Win32.Build.0 = Release|Win32
		{9064A095-3CF9-46FF-8973-0C9605B56F95}.Debug|Win32.ActiveCfg = Debug|Win32
		{9064A095-3CF9-46FF-8973-0C9605B56F95}.Debug|Win32.Build.0 = Debug|Win32
		{9064A095-3CF9-46FF-8973-0C9605B56F95}.Release|Win32.ActiveCfg = Release|Win32
		{9064A095-3CF9-46FF-8973-0C9605B56F95}.Release|Win32.Build.0 = Release|Win32
	EndGlobalSection
	GlobalSection(SolutionProperties) = preSolution
		HideSolutionNode = FALSE
	EndGlobalSection
EndGlobal
