
Microsoft Visual Studio Solution File, Format Version 12.00
# Visual Studio 2013
VisualStudioVersion = 12.0.21005.1
MinimumVisualStudioVersion = 10.0.40219.1
Project("{8BC9CEB8-8B4A-11D0-8D11-00A0C91BC942}") = "day25", "day25\day25.vcxproj", "{FAE9782A-350E-4F0A-B2CD-0DE181924BDA}"
EndProject
Global
	GlobalSection(SolutionConfigurationPlatforms) = preSolution
		Debug|Win32 = Debug|Win32
		Release|Win32 = Release|Win32
	EndGlobalSection
	GlobalSection(ProjectConfigurationPlatforms) = postSolution
		{FAE9782A-350E-4F0A-B2CD-0DE181924BDA}.Debug|Win32.ActiveCfg = Debug|Win32
		{FAE9782A-350E-4F0A-B2CD-0DE181924BDA}.Debug|Win32.Build.0 = Debug|Win32
		{FAE9782A-350E-4F0A-B2CD-0DE181924BDA}.Release|Win32.ActiveCfg = Release|Win32
		{FAE9782A-350E-4F0A-B2CD-0DE181924BDA}.Release|Win32.Build.0 = Release|Win32
	EndGlobalSection
	GlobalSection(SolutionProperties) = preSolution
		HideSolutionNode = FALSE
	EndGlobalSection
EndGlobal
